
Microsoft Visual Studio Solution File, Format Version 12.00
# Visual Studio 15
VisualStudioVersion = 15.0.28307.136
MinimumVisualStudioVersion = 10.0.40219.1
Project("{FAE04EC0-301F-11D3-BF4B-00C04F79EFBC}") = "TermProjectDB", "TermProjectDB.csproj", "{CC1FC107-FED4-4689-BD10-4585392D63A1}"
EndProject
Global
	GlobalSection(SolutionConfigurationPlatforms) = preSolution
		Debug|Any CPU = Debug|Any CPU
		Release|Any CPU = Release|Any CPU
	EndGlobalSection
	GlobalSection(ProjectConfigurationPlatforms) = postSolution
		{CC1FC107-FED4-4689-BD10-4585392D63A1}.Debug|Any CPU.ActiveCfg = Debug|Any CPU
		{CC1FC107-FED4-4689-BD10-4585392D63A1}.Debug|Any CPU.Build.0 = Debug|Any CPU
		{CC1FC107-FED4-4689-BD10-4585392D63A1}.Release|Any CPU.ActiveCfg = Release|Any CPU
		{CC1FC107-FED4-4689-BD10-4585392D63A1}.Release|Any CPU.Build.0 = Release|Any CPU
	EndGlobalSection
	GlobalSection(SolutionProperties) = preSolution
		HideSolutionNode = FALSE
	EndGlobalSection
	GlobalSection(ExtensibilityGlobals) = postSolution
		SolutionGuid = {322DF353-C463-4841-A3F8-52BBC4D6A7B0}
	EndGlobalSection
EndGlobal
